Microsoft Visual Studio Solution File, Format Version 12.00
# Visual Studio 2012
Project("{FAE04EC0-301F-11D3-BF4B-00C04F79EFBC}") = "Sem6Projekt", "Sem6Projekt.csproj", "{0DA28F88-9FF1-43CC-A543-A97E85D4E5DE}"
EndProject
Global
	GlobalSection(SolutionConfigurationPlatforms) = preSolution
	Debug|Any CPU = Debug|Any CPU
	ExportDebug|Any CPU = ExportDebug|Any CPU
	ExportRelease|Any CPU = ExportRelease|Any CPU
	EndGlobalSection
	GlobalSection(ProjectConfigurationPlatforms) = postSolution
		{0DA28F88-9FF1-43CC-A543-A97E85D4E5DE}.Debug|Any CPU.ActiveCfg = Debug|Any CPU
		{0DA28F88-9FF1-43CC-A543-A97E85D4E5DE}.Debug|Any CPU.Build.0 = Debug|Any CPU
		{0DA28F88-9FF1-43CC-A543-A97E85D4E5DE}.ExportDebug|Any CPU.ActiveCfg = ExportDebug|Any CPU
		{0DA28F88-9FF1-43CC-A543-A97E85D4E5DE}.ExportDebug|Any CPU.Build.0 = ExportDebug|Any CPU
		{0DA28F88-9FF1-43CC-A543-A97E85D4E5DE}.ExportRelease|Any CPU.ActiveCfg = ExportRelease|Any CPU
		{0DA28F88-9FF1-43CC-A543-A97E85D4E5DE}.ExportRelease|Any CPU.Build.0 = ExportRelease|Any CPU
	EndGlobalSection
EndGlobal
